// !$*UTF8*$!
{
	archiveVersion = 1;
	classes = {
	};
	objectVersion = 46;
	objects = {

/* Begin PBXBuildFile section */
		255F3D6F2D9F8E2D9856C3E3 /* Pods_Feed.framework in Frameworks */ = {isa = PBXBuildFile; fileRef = AD65F48AC4D3D55646429AFD /* Pods_Feed.framework */; };
		48C4ABA41E8AFFC500998ED1 /* AddPostController+Handlers.swift in Sources */ = {isa = PBXBuildFile; fileRef = 48C4ABA31E8AFFC500998ED1 /* AddPostController+Handlers.swift */; };
		4D918B761E80716E0043B270 /* AppDelegate.swift in Sources */ = {isa = PBXBuildFile; fileRef = 4D918B751E80716E0043B270 /* AppDelegate.swift */; };
		4D918B781E80716E0043B270 /* FeedController.swift in Sources */ = {isa = PBXBuildFile; fileRef = 4D918B771E80716E0043B270 /* FeedController.swift */; };
		4D918B7D1E80716E0043B270 /* Assets.xcassets in Resources */ = {isa = PBXBuildFile; fileRef = 4D918B7C1E80716E0043B270 /* Assets.xcassets */; };
		4D918B801E80716E0043B270 /* LaunchScreen.storyboard in Resources */ = {isa = PBXBuildFile; fileRef = 4D918B7E1E80716E0043B270 /* LaunchScreen.storyboard */; };
		4D918B8B1E80716E0043B270 /* FeedTests.swift in Sources */ = {isa = PBXBuildFile; fileRef = 4D918B8A1E80716E0043B270 /* FeedTests.swift */; };
		4D918B961E80716E0043B270 /* FeedUITests.swift in Sources */ = {isa = PBXBuildFile; fileRef = 4D918B951E80716E0043B270 /* FeedUITests.swift */; };
		4D918BA41E809AC60043B270 /* AddPostController.swift in Sources */ = {isa = PBXBuildFile; fileRef = 4D918BA31E809AC60043B270 /* AddPostController.swift */; };
		F95C1E49D13B8A67EB1CADAB /* Pods_FeedTests.framework in Frameworks */ = {isa = PBXBuildFile; fileRef = A73440D1DAD1EC6AF5277BEC /* Pods_FeedTests.framework */; };
		FB0644191D823861844082AC /* Pods_FeedUITests.framework in Frameworks */ = {isa = PBXBuildFile; fileRef = 4DDD91026047D4D14F741ED6 /* Pods_FeedUITests.framework */; };
/* End PBXBuildFile section */

/* Begin PBXContainerItemProxy section */
		4D918B871E80716E0043B270 /* PBXContainerItemProxy */ = {
			isa = PBXContainerItemProxy;
			containerPortal = 4D918B6A1E80716D0043B270 /* Project object */;
			proxyType = 1;
			remoteGlobalIDString = 4D918B711E80716E0043B270;
			remoteInfo = Feed;
		};
		4D918B921E80716E0043B270 /* PBXContainerItemProxy */ = {
			isa = PBXContainerItemProxy;
			containerPortal = 4D918B6A1E80716D0043B270 /* Project object */;
			proxyType = 1;
			remoteGlobalIDString = 4D918B711E80716E0043B270;
			remoteInfo = Feed;
		};
/* End PBXContainerItemProxy section */

/* Begin PBXFileReference section */
		0F653CA9C4D568214E8CE4EF /* Pods-FeedUITests.release.xcconfig */ = {isa = PBXFileReference; includeInIndex = 1; lastKnownFileType = text.xcconfig; name = "Pods-FeedUITests.release.xcconfig"; path = "Pods/Target Support Files/Pods-FeedUITests/Pods-FeedUITests.release.xcconfig"; sourceTree = "<group>"; };
		2D15794CEC7F477AEBDDAA86 /* Pods-Feed.release.xcconfig */ = {isa = PBXFileReference; includeInIndex = 1; lastKnownFileType = text.xcconfig; name = "Pods-Feed.release.xcconfig"; path = "Pods/Target Support Files/Pods-Feed/Pods-Feed.release.xcconfig"; sourceTree = "<group>"; };
		48C4ABA31E8AFFC500998ED1 /* AddPostController+Handlers.swift */ = {isa = PBXFileReference; fileEncoding = 4; lastKnownFileType = sourcecode.swift; path = "AddPostController+Handlers.swift"; sourceTree = "<group>"; };
		4D918B721E80716E0043B270 /* Feed.app */ = {isa = PBXFileReference; explicitFileType = wrapper.application; includeInIndex = 0; path = Feed.app; sourceTree = BUILT_PRODUCTS_DIR; };
		4D918B751E80716E0043B270 /* AppDelegate.swift */ = {isa = PBXFileReference; lastKnownFileType = sourcecode.swift; path = AppDelegate.swift; sourceTree = "<group>"; };
		4D918B771E80716E0043B270 /* FeedController.swift */ = {isa = PBXFileReference; lastKnownFileType = sourcecode.swift; path = FeedController.swift; sourceTree = "<group>"; };
		4D918B7C1E80716E0043B270 /* Assets.xcassets */ = {isa = PBXFileReference; lastKnownFileType = folder.assetcatalog; path = Assets.xcassets; sourceTree = "<group>"; };
		4D918B7F1E80716E0043B270 /* Base */ = {isa = PBXFileReference; lastKnownFileType = file.storyboard; name = Base; path = Base.lproj/LaunchScreen.storyboard; sourceTree = "<group>"; };
		4D918B811E80716E0043B270 /* Info.plist */ = {isa = PBXFileReference; lastKnownFileType = text.plist.xml; path = Info.plist; sourceTree = "<group>"; };
		4D918B861E80716E0043B270 /* FeedTests.xctest */ = {isa = PBXFileReference; explicitFileType = wrapper.cfbundle; includeInIndex = 0; path = FeedTests.xctest; sourceTree = BUILT_PRODUCTS_DIR; };
		4D918B8A1E80716E0043B270 /* FeedTests.swift */ = {isa = PBXFileReference; lastKnownFileType = sourcecode.swift; path = FeedTests.swift; sourceTree = "<group>"; };
		4D918B8C1E80716E0043B270 /* Info.plist */ = {isa = PBXFileReference; lastKnownFileType = text.plist.xml; path = Info.plist; sourceTree = "<group>"; };
		4D918B911E80716E0043B270 /* FeedUITests.xctest */ = {isa = PBXFileReference; explicitFileType = wrapper.cfbundle; includeInIndex = 0; path = FeedUITests.xctest; sourceTree = BUILT_PRODUCTS_DIR; };
		4D918B951E80716E0043B270 /* FeedUITests.swift */ = {isa = PBXFileReference; lastKnownFileType = sourcecode.swift; path = FeedUITests.swift; sourceTree = "<group>"; };
		4D918B971E80716E0043B270 /* Info.plist */ = {isa = PBXFileReference; lastKnownFileType = text.plist.xml; path = Info.plist; sourceTree = "<group>"; };
		4D918BA31E809AC60043B270 /* AddPostController.swift */ = {isa = PBXFileReference; fileEncoding = 4; lastKnownFileType = sourcecode.swift; path = AddPostController.swift; sourceTree = "<group>"; };
		4DDD91026047D4D14F741ED6 /* Pods_FeedUITests.framework */ = {isa = PBXFileReference; explicitFileType = wrapper.framework; includeInIndex = 0; path = Pods_FeedUITests.framework; sourceTree = BUILT_PRODUCTS_DIR; };
		9684B2DBAD91A496BC458E19 /* Pods-FeedTests.release.xcconfig */ = {isa = PBXFileReference; includeInIndex = 1; lastKnownFileType = text.xcconfig; name = "Pods-FeedTests.release.xcconfig"; path = "Pods/Target Support Files/Pods-FeedTests/Pods-FeedTests.release.xcconfig"; sourceTree = "<group>"; };
		A212A8E62BAF39A391D2E1E3 /* Pods-Feed.debug.xcconfig */ = {isa = PBXFileReference; includeInIndex = 1; lastKnownFileType = text.xcconfig; name = "Pods-Feed.debug.xcconfig"; path = "Pods/Target Support Files/Pods-Feed/Pods-Feed.debug.xcconfig"; sourceTree = "<group>"; };
		A73440D1DAD1EC6AF5277BEC /* Pods_FeedTests.framework */ = {isa = PBXFileReference; explicitFileType = wrapper.framework; includeInIndex = 0; path = Pods_FeedTests.framework; sourceTree = BUILT_PRODUCTS_DIR; };
		AD65F48AC4D3D55646429AFD /* Pods_Feed.framework */ = {isa = PBXFileReference; explicitFileType = wrapper.framework; includeInIndex = 0; path = Pods_Feed.framework; sourceTree = BUILT_PRODUCTS_DIR; };
		EE038ABF5CAD68E92623156C /* Pods-FeedUITests.debug.xcconfig */ = {isa = PBXFileReference; includeInIndex = 1; lastKnownFileType = text.xcconfig; name = "Pods-FeedUITests.debug.xcconfig"; path = "Pods/Target Support Files/Pods-FeedUITests/Pods-FeedUITests.debug.xcconfig"; sourceTree = "<group>"; };
		F06664B6BFBEFC3749D9DB88 /* Pods-FeedTests.debug.xcconfig */ = {isa = PBXFileReference; includeInIndex = 1; lastKnownFileType = text.xcconfig; name = "Pods-FeedTests.debug.xcconfig"; path = "Pods/Target Support Files/Pods-FeedTests/Pods-FeedTests.debug.xcconfig"; sourceTree = "<group>"; };
/* End PBXFileReference section */

/* Begin PBXFrameworksBuildPhase section */
		4D918B6F1E80716E0043B270 /* Frameworks */ = {
			isa = PBXFrameworksBuildPhase;
			buildActionMask = 2147483647;
			files = (
				255F3D6F2D9F8E2D9856C3E3 /* Pods_Feed.framework in Frameworks */,
			);
			runOnlyForDeploymentPostprocessing = 0;
		};
		4D918B831E80716E0043B270 /* Frameworks */ = {
			isa = PBXFrameworksBuildPhase;
			buildActionMask = 2147483647;
			files = (
				F95C1E49D13B8A67EB1CADAB /* Pods_FeedTests.framework in Frameworks */,
			);
			runOnlyForDeploymentPostprocessing = 0;
		};
		4D918B8E1E80716E0043B270 /* Frameworks */ = {
			isa = PBXFrameworksBuildPhase;
			buildActionMask = 2147483647;
			files = (
				FB0644191D823861844082AC /* Pods_FeedUITests.framework in Frameworks */,
			);
			runOnlyForDeploymentPostprocessing = 0;
		};
/* End PBXFrameworksBuildPhase section */

/* Begin PBXGroup section */
		02BE014D72BB840DC285E558 /* Pods */ = {
			isa = PBXGroup;
			children = (
				A212A8E62BAF39A391D2E1E3 /* Pods-Feed.debug.xcconfig */,
				2D15794CEC7F477AEBDDAA86 /* Pods-Feed.release.xcconfig */,
				F06664B6BFBEFC3749D9DB88 /* Pods-FeedTests.debug.xcconfig */,
				9684B2DBAD91A496BC458E19 /* Pods-FeedTests.release.xcconfig */,
				EE038ABF5CAD68E92623156C /* Pods-FeedUITests.debug.xcconfig */,
				0F653CA9C4D568214E8CE4EF /* Pods-FeedUITests.release.xcconfig */,
			);
			name = Pods;
			sourceTree = "<group>";
		};
		4D918B691E80716D0043B270 = {
			isa = PBXGroup;
			children = (
				4D918B741E80716E0043B270 /* Feed */,
				4D918B891E80716E0043B270 /* FeedTests */,
				4D918B941E80716E0043B270 /* FeedUITests */,
				4D918B731E80716E0043B270 /* Products */,
				02BE014D72BB840DC285E558 /* Pods */,
				B8114F7E8BBEE83F6ED078F1 /* Frameworks */,
			);
			sourceTree = "<group>";
		};
		4D918B731E80716E0043B270 /* Products */ = {
			isa = PBXGroup;
			children = (
				4D918B721E80716E0043B270 /* Feed.app */,
				4D918B861E80716E0043B270 /* FeedTests.xctest */,
				4D918B911E80716E0043B270 /* FeedUITests.xctest */,
			);
			name = Products;
			sourceTree = "<group>";
		};
		4D918B741E80716E0043B270 /* Feed */ = {
			isa = PBXGroup;
			children = (
				4D918B751E80716E0043B270 /* AppDelegate.swift */,
				4D918B771E80716E0043B270 /* FeedController.swift */,
				4D918B7C1E80716E0043B270 /* Assets.xcassets */,
				4D918B7E1E80716E0043B270 /* LaunchScreen.storyboard */,
				4D918B811E80716E0043B270 /* Info.plist */,
				4D918BA31E809AC60043B270 /* AddPostController.swift */,
				48C4ABA31E8AFFC500998ED1 /* AddPostController+Handlers.swift */,
			);
			path = Feed;
			sourceTree = "<group>";
		};
		4D918B891E80716E0043B270 /* FeedTests */ = {
			isa = PBXGroup;
			children = (
				4D918B8A1E80716E0043B270 /* FeedTests.swift */,
				4D918B8C1E80716E0043B270 /* Info.plist */,
			);
			path = FeedTests;
			sourceTree = "<group>";
		};
		4D918B941E80716E0043B270 /* FeedUITests */ = {
			isa = PBXGroup;
			children = (
				4D918B951E80716E0043B270 /* FeedUITests.swift */,
				4D918B971E80716E0043B270 /* Info.plist */,
			);
			path = FeedUITests;
			sourceTree = "<group>";
		};
		B8114F7E8BBEE83F6ED078F1 /* Frameworks */ = {
			isa = PBXGroup;
			children = (
				AD65F48AC4D3D55646429AFD /* Pods_Feed.framework */,
				A73440D1DAD1EC6AF5277BEC /* Pods_FeedTests.framework */,
				4DDD91026047D4D14F741ED6 /* Pods_FeedUITests.framework */,
			);
			name = Frameworks;
			sourceTree = "<group>";
		};
/* End PBXGroup section */

/* Begin PBXNativeTarget section */
		4D918B711E80716E0043B270 /* Feed */ = {
			isa = PBXNativeTarget;
			buildConfigurationList = 4D918B9A1E80716E0043B270 /* Build configuration list for PBXNativeTarget "Feed" */;
			buildPhases = (
				F732AF198D1075294E5EFEBA /* [CP] Check Pods Manifest.lock */,
				4D918B6E1E80716E0043B270 /* Sources */,
				4D918B6F1E80716E0043B270 /* Frameworks */,
				4D918B701E80716E0043B270 /* Resources */,
				CA39BB70BD93C3AD76C8B120 /* [CP] Embed Pods Frameworks */,
				2C3E5B93C4957F2E5BE6E5A2 /* [CP] Copy Pods Resources */,
			);
			buildRules = (
			);
			dependencies = (
			);
			name = Feed;
			productName = Feed;
			productReference = 4D918B721E80716E0043B270 /* Feed.app */;
			productType = "com.apple.product-type.application";
		};
		4D918B851E80716E0043B270 /* FeedTests */ = {
			isa = PBXNativeTarget;
			buildConfigurationList = 4D918B9D1E80716E0043B270 /* Build configuration list for PBXNativeTarget "FeedTests" */;
			buildPhases = (
				687C22ADC2C01D50863CD5AD /* [CP] Check Pods Manifest.lock */,
				4D918B821E80716E0043B270 /* Sources */,
				4D918B831E80716E0043B270 /* Frameworks */,
				4D918B841E80716E0043B270 /* Resources */,
				E46CC9AD5F458565BB2BD8BC /* [CP] Embed Pods Frameworks */,
				C9F6CD08DEB05B39A4AC15FB /* [CP] Copy Pods Resources */,
			);
			buildRules = (
			);
			dependencies = (
				4D918B881E80716E0043B270 /* PBXTargetDependency */,
			);
			name = FeedTests;
			productName = FeedTests;
			productReference = 4D918B861E80716E0043B270 /* FeedTests.xctest */;
			productType = "com.apple.product-type.bundle.unit-test";
		};
		4D918B901E80716E0043B270 /* FeedUITests */ = {
			isa = PBXNativeTarget;
			buildConfigurationList = 4D918BA01E80716E0043B270 /* Build configuration list for PBXNativeTarget "FeedUITests" */;
			buildPhases = (
				5F49303BF5C4C00360049E00 /* [CP] Check Pods Manifest.lock */,
				4D918B8D1E80716E0043B270 /* Sources */,
				4D918B8E1E80716E0043B270 /* Frameworks */,
				4D918B8F1E80716E0043B270 /* Resources */,
				2EF50E87FE606A905734C00A /* [CP] Embed Pods Frameworks */,
				7E4D21F9083E4DBBA7F98CB2 /* [CP] Copy Pods Resources */,
			);
			buildRules = (
			);
			dependencies = (
				4D918B931E80716E0043B270 /* PBXTargetDependency */,
			);
			name = FeedUITests;
			productName = FeedUITests;
			productReference = 4D918B911E80716E0043B270 /* FeedUITests.xctest */;
			productType = "com.apple.product-type.bundle.ui-testing";
		};
/* End PBXNativeTarget section */

/* Begin PBXProject section */
		4D918B6A1E80716D0043B270 /* Project object */ = {
			isa = PBXProject;
			attributes = {
				LastSwiftUpdateCheck = 0820;
				LastUpgradeCheck = 0820;
				ORGANIZATIONNAME = "Shaun Chua";
				TargetAttributes = {
					4D918B711E80716E0043B270 = {
						CreatedOnToolsVersion = 8.2.1;
						ProvisioningStyle = Automatic;
					};
					4D918B851E80716E0043B270 = {
						CreatedOnToolsVersion = 8.2.1;
						ProvisioningStyle = Automatic;
						TestTargetID = 4D918B711E80716E0043B270;
					};
					4D918B901E80716E0043B270 = {
						CreatedOnToolsVersion = 8.2.1;
						ProvisioningStyle = Automatic;
						TestTargetID = 4D918B711E80716E0043B270;
					};
				};
			};
			buildConfigurationList = 4D918B6D1E80716D0043B270 /* Build configuration list for PBXProject "Feed" */;
			compatibilityVersion = "Xcode 3.2";
			developmentRegion = English;
			hasScannedForEncodings = 0;
			knownRegions = (
				en,
				Base,
			);
			mainGroup = 4D918B691E80716D0043B270;
			productRefGroup = 4D918B731E80716E0043B270 /* Products */;
			projectDirPath = "";
			projectRoot = "";
			targets = (
				4D918B711E80716E0043B270 /* Feed */,
				4D918B851E80716E0043B270 /* FeedTests */,
				4D918B901E80716E0043B270 /* FeedUITests */,
			);
		};
/* End PBXProject section */

/* Begin PBXResourcesBuildPhase section */
		4D918B701E80716E0043B270 /* Resources */ = {
			isa = PBXResourcesBuildPhase;
			buildActionMask = 2147483647;
			files = (
				4D918B801E80716E0043B270 /* LaunchScreen.storyboard in Resources */,
				4D918B7D1E80716E0043B270 /* Assets.xcassets in Resources */,
			);
			runOnlyForDeploymentPostprocessing = 0;
		};
		4D918B841E80716E0043B270 /* Resources */ = {
			isa = PBXResourcesBuildPhase;
			buildActionMask = 2147483647;
			files = (
			);
			runOnlyForDeploymentPostprocessing = 0;
		};
		4D918B8F1E80716E0043B270 /* Resources */ = {
			isa = PBXResourcesBuildPhase;
			buildActionMask = 2147483647;
			files = (
			);
			runOnlyForDeploymentPostprocessing = 0;
		};
/* End PBXResourcesBuildPhase section */

/* Begin PBXShellScriptBuildPhase section */
		2C3E5B93C4957F2E5BE6E5A2 /* [CP] Copy Pods Resources */ = {
			isa = PBXShellScriptBuildPhase;
			buildActionMask = 2147483647;
			files = (
			);
			inputPaths = (
			);
			name = "[CP] Copy Pods Resources";
			outputPaths = (
			);
			runOnlyForDeploymentPostprocessing = 0;
			shellPath = /bin/sh;
			shellScript = "\"${SRCROOT}/Pods/Target Support Files/Pods-Feed/Pods-Feed-resources.sh\"\n";
			showEnvVarsInLog = 0;
		};
		2EF50E87FE606A905734C00A /* [CP] Embed Pods Frameworks */ = {
			isa = PBXShellScriptBuildPhase;
			buildActionMask = 2147483647;
			files = (
			);
			inputPaths = (
			);
			name = "[CP] Embed Pods Frameworks";
			outputPaths = (
			);
			runOnlyForDeploymentPostprocessing = 0;
			shellPath = /bin/sh;
			shellScript = "\"${SRCROOT}/Pods/Target Support Files/Pods-FeedUITests/Pods-FeedUITests-frameworks.sh\"\n";
			showEnvVarsInLog = 0;
		};
		5F49303BF5C4C00360049E00 /* [CP] Check Pods Manifest.lock */ = {
			isa = PBXShellScriptBuildPhase;
			buildActionMask = 2147483647;
			files = (
			);
			inputPaths = (
			);
			name = "[CP] Check Pods Manifest.lock";
			outputPaths = (
			);
			runOnlyForDeploymentPostprocessing = 0;
			shellPath = /bin/sh;
			shellScript = "diff \"${PODS_ROOT}/../Podfile.lock\" \"${PODS_ROOT}/Manifest.lock\" > /dev/null\nif [ $? != 0 ] ; then\n    # print error to STDERR\n    echo \"error: The sandbox is not in sync with the Podfile.lock. Run 'pod install' or update your CocoaPods installation.\" >&2\n    exit 1\nfi\n";
			showEnvVarsInLog = 0;
		};
		687C22ADC2C01D50863CD5AD /* [CP] Check Pods Manifest.lock */ = {
			isa = PBXShellScriptBuildPhase;
			buildActionMask = 2147483647;
			files = (
			);
			inputPaths = (
			);
			name = "[CP] Check Pods Manifest.lock";
			outputPaths = (
			);
			runOnlyForDeploymentPostprocessing = 0;
			shellPath = /bin/sh;
			shellScript = "diff \"${PODS_ROOT}/../Podfile.lock\" \"${PODS_ROOT}/Manifest.lock\" > /dev/null\nif [ $? != 0 ] ; then\n    # print error to STDERR\n    echo \"error: The sandbox is not in sync with the Podfile.lock. Run 'pod install' or update your CocoaPods installation.\" >&2\n    exit 1\nfi\n";
			showEnvVarsInLog = 0;
		};
		7E4D21F9083E4DBBA7F98CB2 /* [CP] Copy Pods Resources */ = {
			isa = PBXShellScriptBuildPhase;
			buildActionMask = 2147483647;
			files = (
			);
			inputPaths = (
			);
			name = "[CP] Copy Pods Resources";
			outputPaths = (
			);
			runOnlyForDeploymentPostprocessing = 0;
			shellPath = /bin/sh;
			shellScript = "\"${SRCROOT}/Pods/Target Support Files/Pods-FeedUITests/Pods-FeedUITests-resources.sh\"\n";
			showEnvVarsInLog = 0;
		};
		C9F6CD08DEB05B39A4AC15FB /* [CP] Copy Pods Resources */ = {
			isa = PBXShellScriptBuildPhase;
			buildActionMask = 2147483647;
			files = (
			);
			inputPaths = (
			);
			name = "[CP] Copy Pods Resources";
			outputPaths = (
			);
			runOnlyForDeploymentPostprocessing = 0;
			shellPath = /bin/sh;
			shellScript = "\"${SRCROOT}/Pods/Target Support Files/Pods-FeedTests/Pods-FeedTests-resources.sh\"\n";
			showEnvVarsInLog = 0;
		};
		CA39BB70BD93C3AD76C8B120 /* [CP] Embed Pods Frameworks */ = {
			isa = PBXShellScriptBuildPhase;
			buildActionMask = 2147483647;
			files = (
			);
			inputPaths = (
			);
			name = "[CP] Embed Pods Frameworks";
			outputPaths = (
			);
			runOnlyForDeploymentPostprocessing = 0;
			shellPath = /bin/sh;
			shellScript = "\"${SRCROOT}/Pods/Target Support Files/Pods-Feed/Pods-Feed-frameworks.sh\"\n";
			showEnvVarsInLog = 0;
		};
		E46CC9AD5F458565BB2BD8BC /* [CP] Embed Pods Frameworks */ = {
			isa = PBXShellScriptBuildPhase;
			buildActionMask = 2147483647;
			files = (
			);
			inputPaths = (
			);
			name = "[CP] Embed Pods Frameworks";
			outputPaths = (
			);
			runOnlyForDeploymentPostprocessing = 0;
			shellPath = /bin/sh;
			shellScript = "\"${SRCROOT}/Pods/Target Support Files/Pods-FeedTests/Pods-FeedTests-frameworks.sh\"\n";
			showEnvVarsInLog = 0;
		};
		F732AF198D1075294E5EFEBA /* [CP] Check Pods Manifest.lock */ = {
			isa = PBXShellScriptBuildPhase;
			buildActionMask = 2147483647;
			files = (
			);
			inputPaths = (
			);
			name = "[CP] Check Pods Manifest.lock";
			outputPaths = (
			);
			runOnlyForDeploymentPostprocessing = 0;
			shellPath = /bin/sh;
			shellScript = "diff \"${PODS_ROOT}/../Podfile.lock\" \"${PODS_ROOT}/Manifest.lock\" > /dev/null\nif [ $? != 0 ] ; then\n    # print error to STDERR\n    echo \"error: The sandbox is not in sync with the Podfile.lock. Run 'pod install' or update your CocoaPods installation.\" >&2\n    exit 1\nfi\n";
			showEnvVarsInLog = 0;
		};
/* End PBXShellScriptBuildPhase section */

/* Begin PBXSourcesBuildPhase section */
		4D918B6E1E80716E0043B270 /* Sources */ = {
			isa = PBXSourcesBuildPhase;
			buildActionMask = 2147483647;
			files = (
				48C4ABA41E8AFFC500998ED1 /* AddPostController+Handlers.swift in Sources */,
				4D918B781E80716E0043B270 /* FeedController.swift in Sources */,
				4D918BA41E809AC60043B270 /* AddPostController.swift in Sources */,
				4D918B761E80716E0043B270 /* AppDelegate.swift in Sources */,
			);
			runOnlyForDeploymentPostprocessing = 0;
		};
		4D918B821E80716E0043B270 /* Sources */ = {
			isa = PBXSourcesBuildPhase;
			buildActionMask = 2147483647;
			files = (
				4D918B8B1E80716E0043B270 /* FeedTests.swift in Sources */,
			);
			runOnlyForDeploymentPostprocessing = 0;
		};
		4D918B8D1E80716E0043B270 /* Sources */ = {
			isa = PBXSourcesBuildPhase;
			buildActionMask = 2147483647;
			files = (
				4D918B961E80716E0043B270 /* FeedUITests.swift in Sources */,
			);
			runOnlyForDeploymentPostprocessing = 0;
		};
/* End PBXSourcesBuildPhase section */

/* Begin PBXTargetDependency section */
		4D918B881E80716E0043B270 /* PBXTargetDependency */ = {
			isa = PBXTargetDependency;
			target = 4D918B711E80716E0043B270 /* Feed */;
			targetProxy = 4D918B871E80716E0043B270 /* PBXContainerItemProxy */;
		};
		4D918B931E80716E0043B270 /* PBXTargetDependency */ = {
			isa = PBXTargetDependency;
			target = 4D918B711E80716E0043B270 /* Feed */;
			targetProxy = 4D918B921E80716E0043B270 /* PBXContainerItemProxy */;
		};
/* End PBXTargetDependency section */

/* Begin PBXVariantGroup section */
		4D918B7E1E80716E0043B270 /* LaunchScreen.storyboard */ = {
			isa = PBXVariantGroup;
			children = (
				4D918B7F1E80716E0043B270 /* Base */,
			);
			name = LaunchScreen.storyboard;
			sourceTree = "<group>";
		};
/* End PBXVariantGroup section */

/* Begin XCBuildConfiguration section */
		4D918B981E80716E0043B270 /* Debug */ = {
			isa = XCBuildConfiguration;
			buildSettings = {
				ALWAYS_SEARCH_USER_PATHS = NO;
				CLANG_ANALYZER_NONNULL = YES;
				CLANG_CXX_LANGUAGE_STANDARD = "gnu++0x";
				CLANG_CXX_LIBRARY = "libc++";
				CLANG_ENABLE_MODULES = YES;
				CLANG_ENABLE_OBJC_ARC = YES;
				CLANG_WARN_BOOL_CONVERSION = YES;
				CLANG_WARN_CONSTANT_CONVERSION = YES;
				CLANG_WARN_DIRECT_OBJC_ISA_USAGE = YES_ERROR;
				CLANG_WARN_DOCUMENTATION_COMMENTS = YES;
				CLANG_WARN_EMPTY_BODY = YES;
				CLANG_WARN_ENUM_CONVERSION = YES;
				CLANG_WARN_INFINITE_RECURSION = YES;
				CLANG_WARN_INT_CONVERSION = YES;
				CLANG_WARN_OBJC_ROOT_CLASS = YES_ERROR;
				CLANG_WARN_SUSPICIOUS_MOVE = YES;
				CLANG_WARN_UNREACHABLE_CODE = YES;
				CLANG_WARN__DUPLICATE_METHOD_MATCH = YES;
				"CODE_SIGN_IDENTITY[sdk=iphoneos*]" = "iPhone Developer";
				COPY_PHASE_STRIP = NO;
				DEBUG_INFORMATION_FORMAT = dwarf;
				ENABLE_STRICT_OBJC_MSGSEND = YES;
				ENABLE_TESTABILITY = YES;
				GCC_C_LANGUAGE_STANDARD = gnu99;
				GCC_DYNAMIC_NO_PIC = NO;
				GCC_NO_COMMON_BLOCKS = YES;
				GCC_OPTIMIZATION_LEVEL = 0;
				GCC_PREPROCESSOR_DEFINITIONS = (
					"DEBUG=1",
					"$(inherited)",
				);
				GCC_WARN_64_TO_32_BIT_CONVERSION = YES;
				GCC_WARN_ABOUT_RETURN_TYPE = YES_ERROR;
				GCC_WARN_UNDECLARED_SELECTOR = YES;
				GCC_WARN_UNINITIALIZED_AUTOS = YES_AGGRESSIVE;
				GCC_WARN_UNUSED_FUNCTION = YES;
				GCC_WARN_UNUSED_VARIABLE = YES;
				IPHONEOS_DEPLOYMENT_TARGET = 10.2;
				MTL_ENABLE_DEBUG_INFO = YES;
				ONLY_ACTIVE_ARCH = YES;
				SDKROOT = iphoneos;
				SWIFT_ACTIVE_COMPILATION_CONDITIONS = DEBUG;
				SWIFT_OPTIMIZATION_LEVEL = "-Onone";
				TARGETED_DEVICE_FAMILY = "1,2";
			};
			name = Debug;
		};
		4D918B991E80716E0043B270 /* Release */ = {
			isa = XCBuildConfiguration;
			buildSettings = {
				ALWAYS_SEARCH_USER_PATHS = NO;
				CLANG_ANALYZER_NONNULL = YES;
				CLANG_CXX_LANGUAGE_STANDARD = "gnu++0x";
				CLANG_CXX_LIBRARY = "libc++";
				CLANG_ENABLE_MODULES = YES;
				CLANG_ENABLE_OBJC_ARC = YES;
				CLANG_WARN_BOOL_CONVERSION = YES;
				CLANG_WARN_CONSTANT_CONVERSION = YES;
				CLANG_WARN_DIRECT_OBJC_ISA_USAGE = YES_ERROR;
				CLANG_WARN_DOCUMENTATION_COMMENTS = YES;
				CLANG_WARN_EMPTY_BODY = YES;
				CLANG_WARN_ENUM_CONVERSION = YES;
				CLANG_WARN_INFINITE_RECURSION = YES;
				CLANG_WARN_INT_CONVERSION = YES;
				CLANG_WARN_OBJC_ROOT_CLASS = YES_ERROR;
				CLANG_WARN_SUSPICIOUS_MOVE = YES;
				CLANG_WARN_UNREACHABLE_CODE = YES;
				CLANG_WARN__DUPLICATE_METHOD_MATCH = YES;
				"CODE_SIGN_IDENTITY[sdk=iphoneos*]" = "iPhone Developer";
				COPY_PHASE_STRIP = NO;
				DEBUG_INFORMATION_FORMAT = "dwarf-with-dsym";
				ENABLE_NS_ASSERTIONS = NO;
				ENABLE_STRICT_OBJC_MSGSEND = YES;
				GCC_C_LANGUAGE_STANDARD = gnu99;
				GCC_NO_COMMON_BLOCKS = YES;
				GCC_WARN_64_TO_32_BIT_CONVERSION = YES;
				GCC_WARN_ABOUT_RETURN_TYPE = YES_ERROR;
				GCC_WARN_UNDECLARED_SELECTOR = YES;
				GCC_WARN_UNINITIALIZED_AUTOS = YES_AGGRESSIVE;
				GCC_WARN_UNUSED_FUNCTION = YES;
				GCC_WARN_UNUSED_VARIABLE = YES;
				IPHONEOS_DEPLOYMENT_TARGET = 10.2;
				MTL_ENABLE_DEBUG_INFO = NO;
				SDKROOT = iphoneos;
				SWIFT_OPTIMIZATION_LEVEL = "-Owholemodule";
				TARGETED_DEVICE_FAMILY = "1,2";
				VALIDATE_PRODUCT = YES;
			};
			name = Release;
		};
		4D918B9B1E80716E0043B270 /* Debug */ = {
			isa = XCBuildConfiguration;
			baseConfigurationReference = A212A8E62BAF39A391D2E1E3 /* Pods-Feed.debug.xcconfig */;
			buildSettings = {
				ASSETCATALOG_COMPILER_APPICON_NAME = AppIcon;
				INFOPLIST_FILE = Feed/Info.plist;
				LD_RUNPATH_SEARCH_PATHS = "$(inherited) @executable_path/Frameworks";
				PRODUCT_BUNDLE_IDENTIFIER = com.shaunchua.Feed;
				PRODUCT_NAME = "$(TARGET_NAME)";
				SWIFT_VERSION = 3.0;
			};
			name = Debug;
		};
		4D918B9C1E80716E0043B270 /* Release */ = {
			isa = XCBuildConfiguration;
			baseConfigurationReference = 2D15794CEC7F477AEBDDAA86 /* Pods-Feed.release.xcconfig */;
			buildSettings = {
				ASSETCATALOG_COMPILER_APPICON_NAME = AppIcon;
				INFOPLIST_FILE = Feed/Info.plist;
				LD_RUNPATH_SEARCH_PATHS = "$(inherited) @executable_path/Frameworks";
				PRODUCT_BUNDLE_IDENTIFIER = com.shaunchua.Feed;
				PRODUCT_NAME = "$(TARGET_NAME)";
				SWIFT_VERSION = 3.0;
			};
			name = Release;
		};
		4D918B9E1E80716E0043B270 /* Debug */ = {
			isa = XCBuildConfiguration;
			baseConfigurationReference = F06664B6BFBEFC3749D9DB88 /* Pods-FeedTests.debug.xcconfig */;
			buildSettings = {
				ALWAYS_EMBED_SWIFT_STANDARD_LIBRARIES = YES;
				BUNDLE_LOADER = "$(TEST_HOST)";
				INFOPLIST_FILE = FeedTests/Info.plist;
				LD_RUNPATH_SEARCH_PATHS = "$(inherited) @executable_path/Frameworks @loader_path/Frameworks";
				PRODUCT_BUNDLE_IDENTIFIER = com.shaunchua.FeedTests;
				PRODUCT_NAME = "$(TARGET_NAME)";
				SWIFT_VERSION = 3.0;
				TEST_HOST = "$(BUILT_PRODUCTS_DIR)/Feed.app/Feed";
			};
			name = Debug;
		};
		4D918B9F1E80716E0043B270 /* Release */ = {
			isa = XCBuildConfiguration;
			baseConfigurationReference = 9684B2DBAD91A496BC458E19 /* Pods-FeedTests.release.xcconfig */;
			buildSettings = {
				ALWAYS_EMBED_SWIFT_STANDARD_LIBRARIES = YES;
				BUNDLE_LOADER = "$(TEST_HOST)";
				INFOPLIST_FILE = FeedTests/Info.plist;
				LD_RUNPATH_SEARCH_PATHS = "$(inherited) @executable_path/Frameworks @loader_path/Frameworks";
				PRODUCT_BUNDLE_IDENTIFIER = com.shaunchua.FeedTests;
				PRODUCT_NAME = "$(TARGET_NAME)";
				SWIFT_VERSION = 3.0;
				TEST_HOST = "$(BUILT_PRODUCTS_DIR)/Feed.app/Feed";
			};
			name = Release;
		};
		4D918BA11E80716E0043B270 /* Debug */ = {
			isa = XCBuildConfiguration;
			baseConfigurationReference = EE038ABF5CAD68E92623156C /* Pods-FeedUITests.debug.xcconfig */;
			buildSettings = {
				ALWAYS_EMBED_SWIFT_STANDARD_LIBRARIES = YES;
				INFOPLIST_FILE = FeedUITests/Info.plist;
				LD_RUNPATH_SEARCH_PATHS = "$(inherited) @executable_path/Frameworks @loader_path/Frameworks";
				PRODUCT_BUNDLE_IDENTIFIER = com.shaunchua.FeedUITests;
				PRODUCT_NAME = "$(TARGET_NAME)";
				SWIFT_VERSION = 3.0;
				TEST_TARGET_NAME = Feed;
			};
			name = Debug;
		};
		4D918BA21E80716E0043B270 /* Release */ = {
			isa = XCBuildConfiguration;
			baseConfigurationReference = 0F653CA9C4D568214E8CE4EF /* Pods-FeedUITests.release.xcconfig */;
			buildSettings = {
				ALWAYS_EMBED_SWIFT_STANDARD_LIBRARIES = YES;
				INFOPLIST_FILE = FeedUITests/Info.plist;
				LD_RUNPATH_SEARCH_PATHS = "$(inherited) @executable_path/Frameworks @loader_path/Frameworks";
				PRODUCT_BUNDLE_IDENTIFIER = com.shaunchua.FeedUITests;
				PRODUCT_NAME = "$(TARGET_NAME)";
				SWIFT_VERSION = 3.0;
				TEST_TARGET_NAME = Feed;
			};
			name = Release;
		};
/* End XCBuildConfiguration section */

/* Begin XCConfigurationList section */
		4D918B6D1E80716D0043B270 /* Build configuration list for PBXProject "Feed" */ = {
			isa = XCConfigurationList;
			buildConfigurations = (
				4D918B981E80716E0043B270 /* Debug */,
				4D918B991E80716E0043B270 /* Release */,
			);
			defaultConfigurationIsVisible = 0;
			defaultConfigurationName = Release;
		};
		4D918B9A1E80716E0043B270 /* Build configuration list for PBXNativeTarget "Feed" */ = {
			isa = XCConfigurationList;
			buildConfigurations = (
				4D918B9B1E80716E0043B270 /* Debug */,
				4D918B9C1E80716E0043B270 /* Release */,
			);
			defaultConfigurationIsVisible = 0;
			defaultConfigurationName = Release;
		};
		4D918B9D1E80716E0043B270 /* Build configuration list for PBXNativeTarget "FeedTests" */ = {
			isa = XCConfigurationList;
			buildConfigurations = (
				4D918B9E1E80716E0043B270 /* Debug */,
				4D918B9F1E80716E0043B270 /* Release */,
			);
			defaultConfigurationIsVisible = 0;
			defaultConfigurationName = Release;
		};
		4D918BA01E80716E0043B270 /* Build configuration list for PBXNativeTarget "FeedUITests" */ = {
			isa = XCConfigurationList;
			buildConfigurations = (
				4D918BA11E80716E0043B270 /* Debug */,
				4D918BA21E80716E0043B270 /* Release */,
			);
			defaultConfigurationIsVisible = 0;
			defaultConfigurationName = Release;
		};
/* End XCConfigurationList section */
	};
	rootObject = 4D918B6A1E80716D0043B270 /* Project object */;
}
